PODS:
  - assets_audio_player (0.0.1):
    - FlutterMacOS
  - assets_audio_player_web (0.0.1):
    - FlutterMacOS
  - audioplayers_darwin (0.0.1):
    - FlutterMacOS
  - FlutterMacOS (1.0.0)
  - package_info (0.0.1):
    - FlutterMacOS
  - path_provider_foundation (0.0.1):
    - Flutter
    - FlutterMacOS

DEPENDENCIES:
  - assets_audio_player (from `Flutter/ephemeral/.symlinks/plugins/assets_audio_player/macos`)
  - assets_audio_player_web (from `Flutter/ephemeral/.symlinks/plugins/assets_audio_player_web/macos`)
  - audioplayers_darwin (from `Flutter/ephemeral/.symlinks/plugins/audioplayers_darwin/macos`)
  - FlutterMacOS (from `Flutter/ephemeral`)
  - package_info (from `Flutter/ephemeral/.symlinks/plugins/package_info/macos`)
  - path_provider_foundation (from `Flutter/ephemeral/.symlinks/plugins/path_provider_foundation/macos`)

EXTERNAL SOURCES:
  assets_audio_player:
    :path: Flutter/ephemeral/.symlinks/plugins/assets_audio_player/macos
  assets_audio_player_web:
    :path: Flutter/ephemeral/.symlinks/plugins/assets_audio_player_web/macos
  audioplayers_darwin:
    :path: Flutter/ephemeral/.symlinks/plugins/audioplayers_darwin/macos
  FlutterMacOS:
    :path: Flutter/ephemeral
  package_info:
    :path: Flutter/ephemeral/.symlinks/plugins/package_info/macos
  path_provider_foundation:
    :path: Flutter/ephemeral/.symlinks/plugins/path_provider_foundation/macos

SPEC CHECKSUMS:
  assets_audio_player: be2578e6f11dd4d183412e97143673c3c4cb2e8a
  assets_audio_player_web: 917101123b6db8f73156835c0fa266c11340ff15
  audioplayers_darwin: dcad41de4fbd0099cb3749f7ab3b0cb8f70b810c
  FlutterMacOS: ae6af50a8ea7d6103d888583d46bd8328a7e9811
  package_info: 6eba2fd8d3371dda2d85c8db6fe97488f24b74b2
  path_provider_foundation: 37748e03f12783f9de2cb2c4eadfaa25fe6d4852

PODFILE CHECKSUM: 6eac6b3292e5142cfc23bdeb71848a40ec51c14c

COCOAPODS: 1.11.3
